sample-full-positives:
  cmd: annotation-sampler corrected-full-positives.json full-positives.tfrecord
  deps:
  - path: corrected-full-positives.json
    md5: add2796d1799f84044b168ce354d3746
  - path: raw
    md5: 62117a42d9a239a233034ab84dc99d58.dir
  outs:
  - path: full-positives.tfrecord
    md5: 42fdb7b56bfa1d43e584ed87240e0131
