sample-full-positives:
  cmd: annotation-sampler corrected-full-positives.json full-positives.tfrecord
  deps:
  - path: corrected-full-positives.json
    md5: 09221d0030aaff45a21e9d1474d4415d
  - path: raw
    md5: d2263b7c02cf163c0abb97d3e76435f7.dir
  outs:
  - path: full-positives.tfrecord
    md5: 59dc73e98fd7e882920698303a63bab2
sample-covered-positives:
  cmd: annotation-sampler --intersection-ratio-threshold 1 corrected-covered-positives.json
    covered-positives.tfrecord
  deps:
  - path: corrected-covered-positives.json
    md5: 47b3923b870b54c137637879317ee70a
  - path: raw
    md5: d2263b7c02cf163c0abb97d3e76435f7.dir
  outs:
  - path: covered-positives.tfrecord
    md5: 4ce93817d33e94eb1cb8a2f6be7478af
