sample-covered-positives:
  cmd: annotation-sampler --intersection-ratio-threshold 1 corrected-covered-positives.json
    covered-positives.tfrecord
  deps:
  - path: corrected-covered-positives.json
    md5: 6df379dfacc71eaf3d1d5ed826aa4bd1
  - path: raw
    md5: 9859ad6d7bac61d64c7ba1e87f1e4739.dir
  outs:
  - path: covered-positives.tfrecord
    md5: cab1283c76733aac9ef5069157861abe
sample-full-positives:
  cmd: annotation-sampler corrected-full-positives.json full-positives.tfrecord
  deps:
  - path: corrected-full-positives.json
    md5: f3a8fa24720758546aa20750670d3ed2
  - path: raw
    md5: 9859ad6d7bac61d64c7ba1e87f1e4739.dir
  outs:
  - path: full-positives.tfrecord
    md5: 9766246921f68a13db1e85846ed1d986
