sample-covered-positives:
  cmd: annotation-sampler --intersection-ratio-threshold 1 corrected-covered-positives.json
    covered-positives.tfrecord
  deps:
  - path: corrected-covered-positives.json
    md5: 37731e67a651c0d2d3cf54473ba1bb1e
  - path: raw
    md5: a1cbd6712d93dd795b53a20c1eaf3eb9.dir
  outs:
  - path: covered-positives.tfrecord
    md5: 223309810403bcb4b0b02aefa7d6b10d
sample-full-positives:
  cmd: annotation-sampler corrected-full-positives.json full-positives.tfrecord
  deps:
  - path: corrected-full-positives.json
    md5: 4b14a400ff87a455f8c049975759d05e
  - path: raw
    md5: a1cbd6712d93dd795b53a20c1eaf3eb9.dir
  outs:
  - path: full-positives.tfrecord
    md5: d13f533abb2f6107c7bfe6809f583720
