sample-covered-positives:
  cmd: annotation-sampler --intersection-ratio-threshold 1 corrected-covered-positives.json
    covered-positives.tfrecord
  deps:
  - path: corrected-covered-positives.json
    md5: f757145526b8371d7fa2a94622d33b3f
  - path: raw
    md5: 718d254a124347e8f9bd45527e0f6472.dir
  outs:
  - path: covered-positives.tfrecord
    md5: 0bde75f443a6d720365086d590c6cdf3
sample-full-positives:
  cmd: annotation-sampler corrected-full-positives.json full-positives.tfrecord
  deps:
  - path: corrected-full-positives.json
    md5: 80d7fe3d18af9ae731a85a0ca371fce3
  - path: raw
    md5: 718d254a124347e8f9bd45527e0f6472.dir
  outs:
  - path: full-positives.tfrecord
    md5: c9e85f4a3f80af2fb6d7759ad9ee3faf
