sample-full-positives:
  cmd: annotation-sampler corrected-full-positives.json full-positives.tfrecord
  deps:
  - path: corrected-full-positives.json
    md5: 7a34d8f6d4572d5a2f7d03c6a23ab9c6
  - path: raw
    md5: bcd3ce6ba465ccc67337d21121d29bb2.dir
  outs:
  - path: full-positives.tfrecord
    md5: b537a49fb41337caa831df321a5c8ec8
sample-covered-positives:
  cmd: annotation-sampler --intersection-ratio-threshold 1 corrected-covered-positives.json
    covered-positives.tfrecord
  deps:
  - path: corrected-covered-positives.json
    md5: 7524e30bd724de67d46b5e8a5d95dade
  - path: raw
    md5: bcd3ce6ba465ccc67337d21121d29bb2.dir
  outs:
  - path: covered-positives.tfrecord
    md5: 36948a3256f88d9c883845c09e0bd0b6
