sample-covered-positives:
  cmd: annotation-sampler --intersection-ratio-threshold 1 corrected-covered-positives.json
    covered-positives.tfrecord
  deps:
  - path: corrected-covered-positives.json
    md5: 42f90a3c3b743ce611ad9ad4add06b3f
  - path: raw
    md5: 91a45fe599f02ff3258b499345b09661.dir
  outs:
  - path: covered-positives.tfrecord
    md5: bac34931e2fa13965ed9ca66f808532d
sample-full-positives:
  cmd: annotation-sampler corrected-full-positives.json full-positives.tfrecord
  deps:
  - path: corrected-full-positives.json
    md5: 7eebd1e38683157a38e5698fa8eeeb3e
  - path: raw
    md5: 91a45fe599f02ff3258b499345b09661.dir
  outs:
  - path: full-positives.tfrecord
    md5: 92c853236690afcf11f71557f1551c15
sample-negatives-1:
  cmd: annotation-sampler --label-type negative --avoidance-annotations-file corrected-remaining.json
    corrected-removed.json negatives-1.tfrecord
  deps:
  - path: corrected-remaining.json
    md5: d1d50e809799231f5af6929860344ccd
    size: 2362
  - path: corrected-removed.json
    md5: b082b1df3e7d95577600478d7978afac
    size: 1764
  - path: raw
    md5: 91a45fe599f02ff3258b499345b09661.dir
    size: 13495614
    nfiles: 46
  outs:
  - path: negatives-1.tfrecord
    md5: 43a8a7a323d9d2ddb51449fe2dee7aab
    size: 27121
sample-negatives-0:
  cmd: annotation-sampler --label-type negative --avoidance-annotations-file corrected-remaining.json
    removed.json negatives-0.tfrecord
  deps:
  - path: corrected-remaining.json
    md5: d1d50e809799231f5af6929860344ccd
    size: 2362
  - path: raw
    md5: 91a45fe599f02ff3258b499345b09661.dir
    size: 13495614
    nfiles: 46
  - path: removed.json
    md5: dc897eca3100b895a9cb8f195bf24d1e
    size: 1764
  outs:
  - path: negatives-0.tfrecord
    md5: 81cd3a5a77d5ee6ce98e599b6b06e688
    size: 26041
sample-random-negatives:
  cmd: random-negative-sampler corrected-remaining.json random-negatives.tfrecord
  deps:
  - path: corrected-remaining.json
    md5: d1d50e809799231f5af6929860344ccd
    size: 2362
  - path: raw
    md5: 91a45fe599f02ff3258b499345b09661.dir
    size: 13495614
    nfiles: 46
  outs:
  - path: random-negatives.tfrecord
    md5: f1a37b9e95bbe7add632b97b895e54f1
    size: 87938
