sample-covered-positives:
  cmd: annotation-sampler --intersection-ratio-threshold 1 corrected-covered-positives.json
    covered-positives.tfrecord
  deps:
  - path: corrected-covered-positives.json
    md5: 3f7962f62ce9550890987adc7bd3add1
  - path: raw
    md5: a8abb2db63fb1f7b0f0fcdb5327741ca.dir
  outs:
  - path: covered-positives.tfrecord
    md5: 08e55e3a1ce4d896ae0de2800f5f7c7e
sample-full-positives:
  cmd: annotation-sampler corrected-full-positives.json full-positives.tfrecord
  deps:
  - path: corrected-full-positives.json
    md5: 055c84b22aa61b6222c9ebf87bd4cee0
  - path: raw
    md5: a8abb2db63fb1f7b0f0fcdb5327741ca.dir
  outs:
  - path: full-positives.tfrecord
    md5: 635e09fc7cda6d395625a15d9c5718ae
