sample-full-positives:
  cmd: annotation-sampler corrected-full-positives.json full-positives.tfrecord
  deps:
  - path: corrected-full-positives.json
    md5: 71bb6430498a79d571b0c34838f650d6
  - path: raw
    md5: de49fab27754c8e5b082f7a2bbf62a7a.dir
  outs:
  - path: full-positives.tfrecord
    md5: 87a0ef8e92451479ca282189759f9370
sample-covered-positives:
  cmd: annotation-sampler --intersection-ratio-threshold 1 corrected-covered-positives.json
    covered-positives.tfrecord
  deps:
  - path: corrected-covered-positives.json
    md5: 71deaf1ca5cb393baffab84c0a839a2c
  - path: raw
    md5: de49fab27754c8e5b082f7a2bbf62a7a.dir
  outs:
  - path: covered-positives.tfrecord
    md5: 1a14b22fb7fae1fd275c8ffc3fb51df8
