sample-covered-positives:
  cmd: annotation-sampler --intersection-ratio-threshold 1 corrected-covered-positives.json
    covered-positives.tfrecord
  deps:
  - path: corrected-covered-positives.json
    md5: 9d175f6e71918f20c3c3113ad80e0fb4
  - path: raw
    md5: b9e77dbb45e098a1743a67540f5bdbe3.dir
  outs:
  - path: covered-positives.tfrecord
    md5: b758e54c159837e48547abbbb52e79cb
sample-full-positives:
  cmd: annotation-sampler corrected-full-positives.json full-positives.tfrecord
  deps:
  - path: corrected-full-positives.json
    md5: dfd5743887900bd093e451aa180ba6b7
  - path: raw
    md5: b9e77dbb45e098a1743a67540f5bdbe3.dir
  outs:
  - path: full-positives.tfrecord
    md5: ca73149eef0e940e969f49639127798b
