sample-full-positives:
  cmd: annotation-sampler corrected-full-positives.json full-positives.tfrecord
  deps:
  - path: corrected-full-positives.json
    md5: 9f3fd141e3215216e15b4dea693f8b5b
  - path: raw
    md5: 3bea84e45a5c1d101e63d1e991d3310f.dir
  outs:
  - path: full-positives.tfrecord
    md5: 1a45b8d4f2c47bfe5e3b2756d443785b
sample-covered-positives:
  cmd: annotation-sampler --intersection-ratio-threshold 1 corrected-covered-positives.json
    covered-positives.tfrecord
  deps:
  - path: corrected-covered-positives.json
    md5: f6a95d3ab8b03beb70ad1ed2fd2d50e1
  - path: raw
    md5: 3bea84e45a5c1d101e63d1e991d3310f.dir
  outs:
  - path: covered-positives.tfrecord
    md5: d3c1a0ae273d4d34ff291fa688e795ea
