sample-full-positives:
  cmd: annotation-sampler corrected-full-positives.json full-positives.tfrecord
  deps:
  - path: corrected-full-positives.json
    md5: 8a2941c04106486bb8051a18003d4008
  - path: raw
    md5: 0023850954fe458599423053f5aa0e04.dir
  outs:
  - path: full-positives.tfrecord
    md5: 7ff8d3ff527f0a19640e19fed1f87ace
sample-covered-positives:
  cmd: annotation-sampler --intersection-ratio-threshold 1 corrected-covered-positives.json
    covered-positives.tfrecord
  deps:
  - path: corrected-covered-positives.json
    md5: ea0009c31c71a84b8ed54279ade75307
  - path: raw
    md5: 0023850954fe458599423053f5aa0e04.dir
  outs:
  - path: covered-positives.tfrecord
    md5: 53dd2aaf19f092d8b4882613997632a8
