sample-covered-positives:
  cmd: annotation-sampler --intersection-ratio-threshold 1 corrected-covered-positives.json
    covered-positives.tfrecord
  deps:
  - path: corrected-covered-positives.json
    md5: c1a4156476b8e54a375d90d68ae602c9
  - path: raw
    md5: 4e7a2c3db3ae6bcd84ce2c23dc67a42b.dir
  outs:
  - path: covered-positives.tfrecord
    md5: 85f26ad5a827bb51e90908ede0a56117
sample-full-positives:
  cmd: annotation-sampler corrected-full-positives.json full-positives.tfrecord
  deps:
  - path: corrected-full-positives.json
    md5: baa4a1e7e33e2f4058af1ee72664d32f
  - path: raw
    md5: 4e7a2c3db3ae6bcd84ce2c23dc67a42b.dir
  outs:
  - path: full-positives.tfrecord
    md5: fd677eb30b1597a57128a499750eedbc
