sample-full-positives:
  cmd: annotation-sampler --image-color-space RGB corrected-full-positives.json full-positives.tfrecord
  deps:
  - path: corrected-full-positives.json
    md5: 58ca2580a53e80fe9c939f50c8bcf120
  - path: raw
    md5: b4438f3e700bad6a1e1cbc2f57198807.dir
  outs:
  - path: full-positives.tfrecord
    md5: 7198185df2590d91b7cbd992824cc636
sample-covered-positives:
  cmd: annotation-sampler --intersection-ratio-threshold 1 --image-color-space RGB
    corrected-covered-positives.json covered-positives.tfrecord
  deps:
  - path: corrected-covered-positives.json
    md5: 0c4f2cd37372c695ccba04e7526b4deb
  - path: raw
    md5: b4438f3e700bad6a1e1cbc2f57198807.dir
  outs:
  - path: covered-positives.tfrecord
    md5: 8747cdaf69a06fa30e466753b075d8fe
