sample-covered-positives:
  cmd: annotation-sampler --intersection-ratio-threshold 1 corrected-covered-positives.json
    covered-positives.tfrecord
  deps:
  - path: corrected-covered-positives.json
    md5: ab2bb4774ad729cf7ce3d4e16c0fd66a
  - path: raw
    md5: dd8a9efb5f25ea6ce54f4cafa35e72ce.dir
  outs:
  - path: covered-positives.tfrecord
    md5: 4e74e406080aa4833fcd8726b90f003e
sample-full-positives:
  cmd: annotation-sampler corrected-full-positives.json full-positives.tfrecord
  deps:
  - path: corrected-full-positives.json
    md5: 78d70886aa0127e3533c88d8ce19f9c6
  - path: raw
    md5: dd8a9efb5f25ea6ce54f4cafa35e72ce.dir
  outs:
  - path: full-positives.tfrecord
    md5: 5793e9901c9a0dedf469f9ebb7c00664
