sample-full-positives:
  cmd: annotation-sampler corrected.json full-positives.tfrecord
  deps:
  - path: corrected.json
    md5: 15700eb4b486f05a681ceabe4b427390
  - path: raw
    md5: 8a6a2b33cef6cc3d63d7ff14206dc5a5.dir
  outs:
  - path: full-positives.tfrecord
    md5: 8f485e0d95c749844dc8aaa7514a21ef
