sample-covered-positives:
  cmd: annotation-sampler --intersection-ratio-threshold 1 corrected-covered-positives.json
    covered-positives.tfrecord
  deps:
  - path: corrected-covered-positives.json
    md5: 9eed90d267e53a563cf2999c969d4d81
  - path: raw
    md5: 0275d752c090bc39e73b50861d583870.dir
  outs:
  - path: covered-positives.tfrecord
    md5: 57f9b4ecab8f6a2993c59394c2ce2759
sample-full-positives:
  cmd: annotation-sampler corrected-full-positives.json full-positives.tfrecord
  deps:
  - path: corrected-full-positives.json
    md5: 1a9849cf62482f4edd9660eea91a4c87
  - path: raw
    md5: 0275d752c090bc39e73b50861d583870.dir
  outs:
  - path: full-positives.tfrecord
    md5: d5ad7691f028839792ac2e78e0809aa7
sample-negatives-0:
  cmd: annotation-sampler --label-type negative --avoidance-annotations-file corrected-remaining-corrected-remaining.json
    removed.json negatives-0.tfrecord
  deps:
  - path: corrected-remaining-corrected-remaining.json
    md5: 527dad52c2c3d11920bf9a704477db90
    size: 355272
  - path: raw
    md5: 0275d752c090bc39e73b50861d583870.dir
    size: 2696406584
    nfiles: 4345
  - path: removed.json
    md5: 53ed4c8f367930f6cd28ea572b2d8bf1
    size: 293307
  outs:
  - path: negatives-0.tfrecord
    md5: f9fb7d1c3cbe10b3983d464b012cb6bc
    size: 4464924
sample-negatives-1:
  cmd: annotation-sampler --label-type negative --avoidance-annotations-file corrected-remaining-corrected-remaining.json
    removed.json negatives-1.tfrecord
  deps:
  - path: corrected-remaining-corrected-remaining.json
    md5: 527dad52c2c3d11920bf9a704477db90
    size: 355272
  - path: raw
    md5: 0275d752c090bc39e73b50861d583870.dir
    size: 2696406584
    nfiles: 4345
  - path: removed.json
    md5: 53ed4c8f367930f6cd28ea572b2d8bf1
    size: 293307
  outs:
  - path: negatives-1.tfrecord
    md5: 5c221e8c96ea3aaddbceaaa96c060d74
    size: 4461755
sample-negatives-2:
  cmd: annotation-sampler --label-type negative --avoidance-annotations-file corrected-remaining-corrected-remaining.json
    removed.json negatives-2.tfrecord
  deps:
  - path: corrected-remaining-corrected-remaining.json
    md5: 527dad52c2c3d11920bf9a704477db90
    size: 355272
  - path: raw
    md5: 0275d752c090bc39e73b50861d583870.dir
    size: 2696406584
    nfiles: 4345
  - path: removed.json
    md5: 53ed4c8f367930f6cd28ea572b2d8bf1
    size: 293307
  outs:
  - path: negatives-2.tfrecord
    md5: 064058ba3a8c12179c45b1153f0b77d2
    size: 4465524
sample-random-negatives:
  cmd: random-negative-sampler corrected-remaining-corrected-remaining.json random-negatives.tfrecord
  deps:
  - path: corrected-remaining-corrected-remaining.json
    md5: 527dad52c2c3d11920bf9a704477db90
    size: 355272
  - path: raw
    md5: 0275d752c090bc39e73b50861d583870.dir
    size: 2696406584
    nfiles: 4345
  outs:
  - path: random-negatives.tfrecord
    md5: 3796cc590fb2df558cba20e48f6f4b6a
    size: 69938321
