sample-full-positives:
  cmd: annotation-sampler corrected-corrected.json full-positives.tfrecord
  deps:
  - path: corrected-corrected.json
    md5: 1fff2810a952eae58daaf64b457669f5
  - path: raw
    md5: 3f92568e4b15e1df9299b2e1188c367f.dir
  outs:
  - path: full-positives.tfrecord
    md5: efedc6c07d1159d1668c807acddfe694
