sample-full-positives:
  cmd: annotation-sampler --image-color-space RGB corrected.json full-positives.tfrecord
  deps:
  - path: corrected.json
    md5: 154d9014ca6060297bbaecc659aa9bdb
  - path: raw
    md5: 3ed1fcf8b0932e4ad637ebb78817ec3a.dir
  outs:
  - path: full-positives.tfrecord
    md5: 06d09e9e6f3a937374064ada61e53526
