sample-covered-positives:
  cmd: annotation-sampler --intersection-ratio-threshold 1 corrected-covered-positives.json
    covered-positives.tfrecord
  deps:
  - path: corrected-covered-positives.json
    md5: 7de4e9c3f07e23f39eb5ced7ad15fb8f
  - path: raw
    md5: ea15dcf4223d02fb8d82e76187c199ce.dir
  outs:
  - path: covered-positives.tfrecord
    md5: 8c7199daaeaa0a6821d034e9b7fc76f6
sample-full-positives:
  cmd: annotation-sampler corrected-full-positives.json full-positives.tfrecord
  deps:
  - path: corrected-full-positives.json
    md5: 0302448b45aac95492d506e6187f5110
  - path: raw
    md5: ea15dcf4223d02fb8d82e76187c199ce.dir
  outs:
  - path: full-positives.tfrecord
    md5: bd6620c99e33000ffbf9487740bb555e
