sample-full-positives:
  cmd: annotation-sampler corrected-full-positives.json full-positives.tfrecord
  deps:
  - path: corrected-full-positives.json
    md5: dabd004e531e66c7ff94decfd0b9d509
  - path: raw
    md5: ecae0b00ac79f917d258048000754785.dir
  outs:
  - path: full-positives.tfrecord
    md5: 254bc2322c9c617811f9006e8ad7f14f
sample-covered-positives:
  cmd: annotation-sampler --intersection-ratio-threshold 1 corrected-covered-positives.json
    covered-positives.tfrecord
  deps:
  - path: corrected-covered-positives.json
    md5: 24efe6c1fe1a74b7f55c3073e0917ae4
  - path: raw
    md5: ecae0b00ac79f917d258048000754785.dir
  outs:
  - path: covered-positives.tfrecord
    md5: a18d280343899fd9302e4783ae726c62
