sample-full-positives:
  cmd: annotation-sampler corrected-full-positives.json full-positives.tfrecord
  deps:
  - path: corrected-full-positives.json
    md5: 5889cd4d00e8209d1f450cdcecd243ee
  - path: raw
    md5: edae5accb7c24c5ae416b42fc757675c.dir
  outs:
  - path: full-positives.tfrecord
    md5: 2ffcf3643a91a73f236aa1afec952856
sample-covered-positives:
  cmd: annotation-sampler --intersection-ratio-threshold 1 corrected-covered-positives.json
    covered-positives.tfrecord
  deps:
  - path: corrected-covered-positives.json
    md5: 9b7a5d7e1f0cdf9676e1983e570629d0
  - path: raw
    md5: edae5accb7c24c5ae416b42fc757675c.dir
  outs:
  - path: covered-positives.tfrecord
    md5: 40344dd928c382d45857b7d7ebb1b862
