sample-full-positives:
  cmd: annotation-sampler corrected-full-positives.json full-positives.tfrecord
  deps:
  - path: corrected-full-positives.json
    md5: fcdf0242c5e9a6e2c06b9145c1829e81
  - path: raw
    md5: 91903689aab3e9f83f7d4990041c6b2b.dir
  outs:
  - path: full-positives.tfrecord
    md5: fdaedbb9d03c47cd375e58249399ad29
sample-covered-positives:
  cmd: annotation-sampler --intersection-ratio-threshold 1 corrected-covered-positives.json
    covered-positives.tfrecord
  deps:
  - path: corrected-covered-positives.json
    md5: ce42371d5a5d4a45a0e0c49af54b5f07
  - path: raw
    md5: 91903689aab3e9f83f7d4990041c6b2b.dir
  outs:
  - path: covered-positives.tfrecord
    md5: 01d52be7d2a986a593682b93748ac977
