sample-full-positives:
  cmd: annotation-sampler corrected-full-positives.json full-positives.tfrecord
  deps:
  - path: corrected-full-positives.json
    md5: a7344eca6b37585f8f4dc6ed5eca6c6d
  - path: raw
    md5: 06bc3b87b7ee1838a50f4d66cb3e6037.dir
  outs:
  - path: full-positives.tfrecord
    md5: 4cda848289f54ba791877292efed725a
sample-covered-positives:
  cmd: annotation-sampler --intersection-ratio-threshold 1 corrected-covered-positives.json
    covered-positives.tfrecord
  deps:
  - path: corrected-covered-positives.json
    md5: bf1f66c6fcb84697d29d3b1ac78ad691
  - path: raw
    md5: 06bc3b87b7ee1838a50f4d66cb3e6037.dir
  outs:
  - path: covered-positives.tfrecord
    md5: 4e755cbe7d73a91b4316451ac649f0d1
