sample-full-positives:
  cmd: annotation-sampler corrected-full-positives.json full-positives.tfrecord
  deps:
  - path: corrected-full-positives.json
    md5: af1c1638d7c2e55a08a31f2d9700179c
  - path: raw
    md5: 76e3093f5a751c8d7e59676cd911b417.dir
  outs:
  - path: full-positives.tfrecord
    md5: f606af8b5ebd1f74b5ed4a98d75a73a6
sample-covered-positives:
  cmd: annotation-sampler --intersection-ratio-threshold 1 corrected-covered-positives.json
    covered-positives.tfrecord
  deps:
  - path: corrected-covered-positives.json
    md5: 114a4d6fe8f0724d31c94e62b02f4e77
  - path: raw
    md5: 76e3093f5a751c8d7e59676cd911b417.dir
  outs:
  - path: covered-positives.tfrecord
    md5: c2b125f2c3651f90daf6e80c610f720e
