sample-covered-positives:
  cmd: annotation-sampler --intersection-ratio-threshold 1 corrected-covered-positives.json
    covered-positives.tfrecord
  deps:
  - path: corrected-covered-positives.json
    md5: 0e8d10afd1b1123e52e93a73203fa5a5
  - path: raw
    md5: e04e4afb3b94e8c6326fe650336f3c09.dir
  outs:
  - path: covered-positives.tfrecord
    md5: 1c90d4c40dbb59b2bde7c53e63f91401
sample-full-positives:
  cmd: annotation-sampler corrected-full-positives.json full-positives.tfrecord
  deps:
  - path: corrected-full-positives.json
    md5: 578d83fdca6ac5a4c540454c69a3462e
  - path: raw
    md5: e04e4afb3b94e8c6326fe650336f3c09.dir
  outs:
  - path: full-positives.tfrecord
    md5: fa1c76702c7ec83f8346ec82f34ab108
