sample-full-positives:
  cmd: annotation-sampler corrected-full-positives.json full-positives.tfrecord
  deps:
  - path: corrected-full-positives.json
    md5: 770fec3f4083d4398533547412e5be09
  - path: raw
    md5: 0769ebb80e32fa5769d6187d397c7ebe.dir
  outs:
  - path: full-positives.tfrecord
    md5: f924693e25c0764d1568adfff2f5f056
sample-covered-positives:
  cmd: annotation-sampler --intersection-ratio-threshold 1 corrected-covered-positives.json
    covered-positives.tfrecord
  deps:
  - path: corrected-covered-positives.json
    md5: 2d476dfec88b887af89b7025468bc08c
  - path: raw
    md5: 0769ebb80e32fa5769d6187d397c7ebe.dir
  outs:
  - path: covered-positives.tfrecord
    md5: 7687800f0d3f4b9c318b94f779c73813
