sample-covered-positives:
  cmd: annotation-sampler --intersection-ratio-threshold 1 corrected-covered-positives.json
    covered-positives.tfrecord
  deps:
  - path: corrected-covered-positives.json
    md5: 06f49b878d37691c89310f0d7ec92d6b
  - path: raw
    md5: b2018643e5c37c8ab52387e26611d747.dir
  outs:
  - path: covered-positives.tfrecord
    md5: 454177e8799060292f1cbb51073aad9a
sample-full-positives:
  cmd: annotation-sampler corrected-full-positives.json full-positives.tfrecord
  deps:
  - path: corrected-full-positives.json
    md5: 73c0f9803c3212adbf9e34395daef678
  - path: raw
    md5: b2018643e5c37c8ab52387e26611d747.dir
  outs:
  - path: full-positives.tfrecord
    md5: b8f3fc994029ce07334799f78795a820
