sample-full-positives:
  cmd: annotation-sampler corrected-full-positives.json full-positives.tfrecord
  deps:
  - path: corrected-full-positives.json
    md5: 2ae13b75a94217e33332bb80588c5080
  - path: raw
    md5: 0a2eaa3de7e0533e937ed7fcec9bce32.dir
  outs:
  - path: full-positives.tfrecord
    md5: e46496198eca5f088475f057ddf1441b
sample-covered-positives:
  cmd: annotation-sampler --intersection-ratio-threshold 1 corrected-covered-positives.json
    covered-positives.tfrecord
  deps:
  - path: corrected-covered-positives.json
    md5: f1476878f50e78f5f4c67db0d3031c3c
  - path: raw
    md5: 0a2eaa3de7e0533e937ed7fcec9bce32.dir
  outs:
  - path: covered-positives.tfrecord
    md5: cdac424a4b4b875576762197796296cb
sample-negatives-1:
  cmd: annotation-sampler --label-type negative --avoidance-annotations-file corrected-remaining.json
    corrected-removed.json negatives-1.tfrecord
  deps:
  - path: corrected-remaining.json
    md5: 28a7fd4298229776431804082ad4dbc6
    size: 296779
  - path: corrected-removed.json
    md5: e532bc58945fcf7e05bc887b98baab65
    size: 196487
  - path: raw
    md5: 0a2eaa3de7e0533e937ed7fcec9bce32.dir
    size: 2017392653
    nfiles: 3215
  outs:
  - path: negatives-1.tfrecord
    md5: 082ed5fde3f3ce4bfe175ef1324743fb
    size: 48733
sample-negatives-0:
  cmd: annotation-sampler --label-type negative --avoidance-annotations-file corrected-remaining.json
    removed.json negatives-0.tfrecord
  deps:
  - path: corrected-remaining.json
    md5: 28a7fd4298229776431804082ad4dbc6
    size: 296779
  - path: raw
    md5: 0a2eaa3de7e0533e937ed7fcec9bce32.dir
    size: 2017392653
    nfiles: 3215
  - path: removed.json
    md5: 64f46110e74e59a5ed0db5765d96a9eb
    size: 229870
  outs:
  - path: negatives-0.tfrecord
    md5: ca835934c5fc407b0be333e2062f0333
    size: 5870323
sample-random-negatives:
  cmd: random-negative-sampler corrected-remaining.json random-negatives.tfrecord
  deps:
  - path: corrected-remaining.json
    md5: 28a7fd4298229776431804082ad4dbc6
    size: 296779
  - path: raw
    md5: 0a2eaa3de7e0533e937ed7fcec9bce32.dir
    size: 2017392653
    nfiles: 3215
  outs:
  - path: random-negatives.tfrecord
    md5: f5a7d634f03f25393cd46941a9a5ca8c
    size: 50299133
