sample-full-positives:
  cmd: annotation-sampler corrected-full-positives.json full-positives.tfrecord
  deps:
  - path: corrected-full-positives.json
    md5: ded96e103255ffe68a5b0a1a872b3b46
  - path: raw
    md5: bb4fc8ec54b0a21e0939ae867290d825.dir
  outs:
  - path: full-positives.tfrecord
    md5: e6548c8d5f262a724008c276085b8a40
sample-covered-positives:
  cmd: annotation-sampler --intersection-ratio-threshold 1 corrected-covered-positives.json
    covered-positives.tfrecord
  deps:
  - path: corrected-covered-positives.json
    md5: 9e8ae5984983f1300f4fec5abe34397a
  - path: raw
    md5: bb4fc8ec54b0a21e0939ae867290d825.dir
  outs:
  - path: covered-positives.tfrecord
    md5: 6dff3e7fcfe68fe8893dc9541377bfec
